
Microsoft Visual Studio Solution File, Format Version 12.00
# Visual Studio Version 16
VisualStudioVersion = 16.0.30523.141
MinimumVisualStudioVersion = 10.0.40219.1
Project("{FAE04EC0-301F-11D3-BF4B-00C04F79EFBC}") = "LinqOrder", "LinqOrder\LinqOrder.csproj", "{7EFDDD2B-0DD4-4292-9963-531293CDE782}"
EndProject
Global
	GlobalSection(SolutionConfigurationPlatforms) = preSolution
		Debug|Any CPU = Debug|Any CPU
		Release|Any CPU = Release|Any CPU
	EndGlobalSection
	GlobalSection(ProjectConfigurationPlatforms) = postSolution
		{7EFDDD2B-0DD4-4292-9963-531293CDE782}.Debug|Any CPU.ActiveCfg = Debug|Any CPU
		{7EFDDD2B-0DD4-4292-9963-531293CDE782}.Debug|Any CPU.Build.0 = Debug|Any CPU
		{7EFDDD2B-0DD4-4292-9963-531293CDE782}.Release|Any CPU.ActiveCfg = Release|Any CPU
		{7EFDDD2B-0DD4-4292-9963-531293CDE782}.Release|Any CPU.Build.0 = Release|Any CPU
	EndGlobalSection
	GlobalSection(SolutionProperties) = preSolution
		HideSolutionNode = FALSE
	EndGlobalSection
	GlobalSection(ExtensibilityGlobals) = postSolution
		SolutionGuid = {B335C80F-4D02-4704-A83D-D2CAE99EF58D}
	EndGlobalSection
EndGlobal
